<?xml version="1.0" encoding="utf-8"?>
<Project ToolsVersion="17.0" xmlns="http://schemas.microsoft.com/developer/msbuild/2003">
  <ItemGroup>
    <ClCompile Include="C:\Users\shoko\OneDrive\Documents\progra\Repositorilos_GitHub\MemoryProfiler\lib\MemoryTracker.cpp">
      <Filter>Source Files</Filter>
    </ClCompile>
    <ClCompile Include="C:\Users\shoko\OneDrive\Documents\progra\Repositorilos_GitHub\MemoryProfiler\lib\AllocationInfo.cpp">
      <Filter>Source Files</Filter>
    </ClCompile>
  </ItemGroup>
  <ItemGroup>
    <CustomBuild Include="C:\Users\shoko\OneDrive\Documents\progra\Repositorilos_GitHub\MemoryProfiler\lib\CMakeLists.txt" />
  </ItemGroup>
  <ItemGroup>
    <Filter Include="Source Files">
      <UniqueIdentifier>{D3FC08B2-9339-3172-A3F6-9E348D064CF9}</UniqueIdentifier>
    </Filter>
  </ItemGroup>
</Project>
